github.com/nicholasnooney-com/hugolibs/feather-icons v0.0.0-20220114061730-a7a6264743ef h1:ZRDhfjp2OLgORCmlhAO6oWxet3O/P75fqD6R8TnE88Y=
github.com/nicholasnooney-com/hugolibs/feather-icons v0.0.0-20220114061730-a7a6264743ef/go.mod h1:ZXBe71ULLRM6U2muTV48d7UZJ/W5SOn/3hz5aNaLGI0=
github.com/nicholasnooney-com/hugolibs/lunr v0.0.0-20220115204303-f8f789b38973 h1:OuRzdzhOD2c4ViJxfmyias59ckwubl+u2PgnlvXVxxQ=
github.com/nicholasnooney-com/hugolibs/lunr v0.0.0-20220115204303-f8f789b38973/go.mod h1:ZLhKSVg/JILFdg8UWGNvKkkns1uK+EFPjvBjgKp/MPM=
